
Microsoft Visual Studio Solution File, Format Version 11.00
# Visual Studio 2010
Project("{FAE04EC0-301F-11D3-BF4B-00C04F79EFBC}") = "MissNancy", "MissNancy\MissNancy.csproj", "{4767DC1D-8CBD-480F-AF6F-2EEA9D444326}"
EndProject
Project("{FAE04EC0-301F-11D3-BF4B-00C04F79EFBC}") = "MissNancy.Tests", "MissNancy.Tests\MissNancy.Tests.csproj", "{01EC4641-D6A8-4496-848E-71FDF1B3AA02}"
EndProject
Project("{2150E333-8FDC-42A3-9474-1A3956D46DE8}") = "Documents", "Documents", "{7994823B-09F1-4D13-BF61-F35E6B6F0EBB}"
	ProjectSection(SolutionItems) = preProject
		DeveloperNotes.txt = DeveloperNotes.txt
	EndProjectSection
EndProject
Global
	GlobalSection(SolutionConfigurationPlatforms) = preSolution
		Debug|Any CPU = Debug|Any CPU
		Release|Any CPU = Release|Any CPU
	EndGlobalSection
	GlobalSection(ProjectConfigurationPlatforms) = postSolution
		{4767DC1D-8CBD-480F-AF6F-2EEA9D444326}.Debug|Any CPU.ActiveCfg = Debug|Any CPU
		{4767DC1D-8CBD-480F-AF6F-2EEA9D444326}.Debug|Any CPU.Build.0 = Debug|Any CPU
		{4767DC1D-8CBD-480F-AF6F-2EEA9D444326}.Release|Any CPU.ActiveCfg = Release|Any CPU
		{4767DC1D-8CBD-480F-AF6F-2EEA9D444326}.Release|Any CPU.Build.0 = Release|Any CPU
		{01EC4641-D6A8-4496-848E-71FDF1B3AA02}.Debug|Any CPU.ActiveCfg = Debug|Any CPU
		{01EC4641-D6A8-4496-848E-71FDF1B3AA02}.Debug|Any CPU.Build.0 = Debug|Any CPU
		{01EC4641-D6A8-4496-848E-71FDF1B3AA02}.Release|Any CPU.ActiveCfg = Release|Any CPU
		{01EC4641-D6A8-4496-848E-71FDF1B3AA02}.Release|Any CPU.Build.0 = Release|Any CPU
	EndGlobalSection
	GlobalSection(SolutionProperties) = preSolution
		HideSolutionNode = FALSE
	EndGlobalSection
EndGlobal
